
Microsoft Visual Studio Solution File, Format Version 12.00
# Visual Studio Version 16
VisualStudioVersion = 16.0.33423.256
MinimumVisualStudioVersion = 10.0.40219.1
Project("{9A19103F-16F7-4668-BE54-9A1E7A4F7556}") = "Instrumenty", "Instrumenty\Instrumenty.csproj", "{0ECDAA73-3782-4444-A661-84D15F96E5EB}"
EndProject
Project("{9A19103F-16F7-4668-BE54-9A1E7A4F7556}") = "TestSamochodu", "TestSamochodu\TestSamochodu.csproj", "{D18FFFCE-EAE9-4DEE-A458-E6C61D84191C}"
EndProject
Project("{FAE04EC0-301F-11D3-BF4B-00C04F79EFBC}") = "Samochody", "Samochody\Samochody.csproj", "{AAB39576-901F-47D2-A454-A90F8776BBF3}"
EndProject
Global
	GlobalSection(SolutionConfigurationPlatforms) = preSolution
		Debug|Any CPU = Debug|Any CPU
		Release|Any CPU = Release|Any CPU
	EndGlobalSection
	GlobalSection(ProjectConfigurationPlatforms) = postSolution
		{0ECDAA73-3782-4444-A661-84D15F96E5EB}.Debug|Any CPU.ActiveCfg = Debug|Any CPU
		{0ECDAA73-3782-4444-A661-84D15F96E5EB}.Debug|Any CPU.Build.0 = Debug|Any CPU
		{0ECDAA73-3782-4444-A661-84D15F96E5EB}.Release|Any CPU.ActiveCfg = Release|Any CPU
		{0ECDAA73-3782-4444-A661-84D15F96E5EB}.Release|Any CPU.Build.0 = Release|Any CPU
		{D18FFFCE-EAE9-4DEE-A458-E6C61D84191C}.Debug|Any CPU.ActiveCfg = Debug|Any CPU
		{D18FFFCE-EAE9-4DEE-A458-E6C61D84191C}.Debug|Any CPU.Build.0 = Debug|Any CPU
		{D18FFFCE-EAE9-4DEE-A458-E6C61D84191C}.Release|Any CPU.ActiveCfg = Release|Any CPU
		{D18FFFCE-EAE9-4DEE-A458-E6C61D84191C}.Release|Any CPU.Build.0 = Release|Any CPU
		{AAB39576-901F-47D2-A454-A90F8776BBF3}.Debug|Any CPU.ActiveCfg = Debug|Any CPU
		{AAB39576-901F-47D2-A454-A90F8776BBF3}.Debug|Any CPU.Build.0 = Debug|Any CPU
		{AAB39576-901F-47D2-A454-A90F8776BBF3}.Release|Any CPU.ActiveCfg = Release|Any CPU
		{AAB39576-901F-47D2-A454-A90F8776BBF3}.Release|Any CPU.Build.0 = Release|Any CPU
	EndGlobalSection
	GlobalSection(SolutionProperties) = preSolution
		HideSolutionNode = FALSE
	EndGlobalSection
	GlobalSection(ExtensibilityGlobals) = postSolution
		SolutionGuid = {C8F3A8B5-C316-4B8A-8F9D-0224C446E6C3}
	EndGlobalSection
EndGlobal
